// !$*UTF8*$!
{
	archiveVersion = 1;
	classes = {
	};
	objectVersion = 56;
	objects = {

/* Begin PBXBuildFile section */
		A5C822EB2BEFC74D006F3757 /* FacebookMacOSApp.swift in Sources */ = {isa = PBXBuildFile; fileRef = A5C822EA2BEFC74D006F3757 /* FacebookMacOSApp.swift */; };
		A5C822ED2BEFC74D006F3757 /* ContentView.swift in Sources */ = {isa = PBXBuildFile; fileRef = A5C822EC2BEFC74D006F3757 /* ContentView.swift */; };
		A5C822EF2BEFC74E006F3757 /* Assets.xcassets in Resources */ = {isa = PBXBuildFile; fileRef = A5C822EE2BEFC74E006F3757 /* Assets.xcassets */; };
		A5C822F22BEFC74E006F3757 /* Preview Assets.xcassets in Resources */ = {isa = PBXBuildFile; fileRef = A5C822F12BEFC74E006F3757 /* Preview Assets.xcassets */; };
		A5C822FB2BEFC824006F3757 /* SDWebImageSwiftUI in Frameworks */ = {isa = PBXBuildFile; productRef = A5C822FA2BEFC824006F3757 /* SDWebImageSwiftUI */; };
		A5C822FE2BEFC84B006F3757 /* Home.swift in Sources */ = {isa = PBXBuildFile; fileRef = A5C822FD2BEFC84B006F3757 /* Home.swift */; };
		A5C823012BEFEDF0006F3757 /* User.swift in Sources */ = {isa = PBXBuildFile; fileRef = A5C823002BEFEDF0006F3757 /* User.swift */; };
/* End PBXBuildFile section */

/* Begin PBXFileReference section */
		A5C822E72BEFC74D006F3757 /* FacebookMacOS.app */ = {isa = PBXFileReference; explicitFileType = wrapper.application; includeInIndex = 0; path = FacebookMacOS.app; sourceTree = BUILT_PRODUCTS_DIR; };
		A5C822EA2BEFC74D006F3757 /* FacebookMacOSApp.swift */ = {isa = PBXFileReference; lastKnownFileType = sourcecode.swift; path = FacebookMacOSApp.swift; sourceTree = "<group>"; };
		A5C822EC2BEFC74D006F3757 /* ContentView.swift */ = {isa = PBXFileReference; lastKnownFileType = sourcecode.swift; path = ContentView.swift; sourceTree = "<group>"; };
		A5C822EE2BEFC74E006F3757 /* Assets.xcassets */ = {isa = PBXFileReference; lastKnownFileType = folder.assetcatalog; path = Assets.xcassets; sourceTree = "<group>"; };
		A5C822F12BEFC74E006F3757 /* Preview Assets.xcassets */ = {isa = PBXFileReference; lastKnownFileType = folder.assetcatalog; path = "Preview Assets.xcassets"; sourceTree = "<group>"; };
		A5C822F32BEFC74E006F3757 /* FacebookMacOS.entitlements */ = {isa = PBXFileReference; lastKnownFileType = text.plist.entitlements; path = FacebookMacOS.entitlements; sourceTree = "<group>"; };
		A5C822FD2BEFC84B006F3757 /* Home.swift */ = {isa = PBXFileReference; lastKnownFileType = sourcecode.swift; path = Home.swift; sourceTree = "<group>"; };
		A5C823002BEFEDF0006F3757 /* User.swift */ = {isa = PBXFileReference; lastKnownFileType = sourcecode.swift; path = User.swift; sourceTree = "<group>"; };
/* End PBXFileReference section */

/* Begin PBXFrameworksBuildPhase section */
		A5C822E42BEFC74D006F3757 /* Frameworks */ = {
			isa = PBXFrameworksBuildPhase;
			buildActionMask = 2147483647;
			files = (
				A5C822FB2BEFC824006F3757 /* SDWebImageSwiftUI in Frameworks */,
			);
			runOnlyForDeploymentPostprocessing = 0;
		};
/* End PBXFrameworksBuildPhase section */

/* Begin PBXGroup section */
		A5C822DE2BEFC74D006F3757 = {
			isa = PBXGroup;
			children = (
				A5C822E92BEFC74D006F3757 /* FacebookMacOS */,
				A5C822E82BEFC74D006F3757 /* Products */,
			);
			sourceTree = "<group>";
		};
		A5C822E82BEFC74D006F3757 /* Products */ = {
			isa = PBXGroup;
			children = (
				A5C822E72BEFC74D006F3757 /* FacebookMacOS.app */,
			);
			name = Products;
			sourceTree = "<group>";
		};
		A5C822E92BEFC74D006F3757 /* FacebookMacOS */ = {
			isa = PBXGroup;
			children = (
				A5C822FF2BEFEDE4006F3757 /* Model */,
				A5C822FC2BEFC841006F3757 /* View */,
				A5C822EA2BEFC74D006F3757 /* FacebookMacOSApp.swift */,
				A5C822EC2BEFC74D006F3757 /* ContentView.swift */,
				A5C822EE2BEFC74E006F3757 /* Assets.xcassets */,
				A5C822F32BEFC74E006F3757 /* FacebookMacOS.entitlements */,
				A5C822F02BEFC74E006F3757 /* Preview Content */,
			);
			path = FacebookMacOS;
			sourceTree = "<group>";
		};
		A5C822F02BEFC74E006F3757 /* Preview Content */ = {
			isa = PBXGroup;
			children = (
				A5C822F12BEFC74E006F3757 /* Preview Assets.xcassets */,
			);
			path = "Preview Content";
			sourceTree = "<group>";
		};
		A5C822FC2BEFC841006F3757 /* View */ = {
			isa = PBXGroup;
			children = (
				A5C822FD2BEFC84B006F3757 /* Home.swift */,
			);
			path = View;
			sourceTree = "<group>";
		};
		A5C822FF2BEFEDE4006F3757 /* Model */ = {
			isa = PBXGroup;
			children = (
				A5C823002BEFEDF0006F3757 /* User.swift */,
			);
			path = Model;
			sourceTree = "<group>";
		};
/* End PBXGroup section */

/* Begin PBXNativeTarget section */
		A5C822E62BEFC74D006F3757 /* FacebookMacOS */ = {
			isa = PBXNativeTarget;
			buildConfigurationList = A5C822F62BEFC74E006F3757 /* Build configuration list for PBXNativeTarget "FacebookMacOS" */;
			buildPhases = (
				A5C822E32BEFC74D006F3757 /* Sources */,
				A5C822E42BEFC74D006F3757 /* Frameworks */,
				A5C822E52BEFC74D006F3757 /* Resources */,
			);
			buildRules = (
			);
			dependencies = (
			);
			name = FacebookMacOS;
			packageProductDependencies = (
				A5C822FA2BEFC824006F3757 /* SDWebImageSwiftUI */,
			);
			productName = FacebookMacOS;
			productReference = A5C822E72BEFC74D006F3757 /* FacebookMacOS.app */;
			productType = "com.apple.product-type.application";
		};
/* End PBXNativeTarget section */

/* Begin PBXProject section */
		A5C822DF2BEFC74D006F3757 /* Project object */ = {
			isa = PBXProject;
			attributes = {
				BuildIndependentTargetsInParallel = 1;
				LastSwiftUpdateCheck = 1530;
				LastUpgradeCheck = 1530;
				TargetAttributes = {
					A5C822E62BEFC74D006F3757 = {
						CreatedOnToolsVersion = 15.3;
					};
				};
			};
			buildConfigurationList = A5C822E22BEFC74D006F3757 /* Build configuration list for PBXProject "FacebookMacOS" */;
			compatibilityVersion = "Xcode 14.0";
			developmentRegion = en;
			hasScannedForEncodings = 0;
			knownRegions = (
				en,
				Base,
			);
			mainGroup = A5C822DE2BEFC74D006F3757;
			packageReferences = (
				A5C822F92BEFC824006F3757 /* XCRemoteSwiftPackageReference "SDWebImageSwiftUI" */,
			);
			productRefGroup = A5C822E82BEFC74D006F3757 /* Products */;
			projectDirPath = "";
			projectRoot = "";
			targets = (
				A5C822E62BEFC74D006F3757 /* FacebookMacOS */,
			);
		};
/* End PBXProject section */

/* Begin PBXResourcesBuildPhase section */
		A5C822E52BEFC74D006F3757 /* Resources */ = {
			isa = PBXResourcesBuildPhase;
			buildActionMask = 2147483647;
			files = (
				A5C822F22BEFC74E006F3757 /* Preview Assets.xcassets in Resources */,
				A5C822EF2BEFC74E006F3757 /* Assets.xcassets in Resources */,
			);
			runOnlyForDeploymentPostprocessing = 0;
		};
/* End PBXResourcesBuildPhase section */

/* Begin PBXSourcesBuildPhase section */
		A5C822E32BEFC74D006F3757 /* Sources */ = {
			isa = PBXSourcesBuildPhase;
			buildActionMask = 2147483647;
			files = (
				A5C823012BEFEDF0006F3757 /* User.swift in Sources */,
				A5C822ED2BEFC74D006F3757 /* ContentView.swift in Sources */,
				A5C822FE2BEFC84B006F3757 /* Home.swift in Sources */,
				A5C822EB2BEFC74D006F3757 /* FacebookMacOSApp.swift in Sources */,
			);
			runOnlyForDeploymentPostprocessing = 0;
		};
/* End PBXSourcesBuildPhase section */

/* Begin XCBuildConfiguration section */
		A5C822F42BEFC74E006F3757 /* Debug */ = {
			isa = XCBuildConfiguration;
			buildSettings = {
				ALWAYS_SEARCH_USER_PATHS = NO;
				ASSETCATALOG_COMPILER_GENERATE_SWIFT_ASSET_SYMBOL_EXTENSIONS = YES;
				CLANG_ANALYZER_NONNULL = YES;
				CLANG_ANALYZER_NUMBER_OBJECT_CONVERSION = YES_AGGRESSIVE;
				CLANG_CXX_LANGUAGE_STANDARD = "gnu++20";
				CLANG_ENABLE_MODULES = YES;
				CLANG_ENABLE_OBJC_ARC = YES;
				CLANG_ENABLE_OBJC_WEAK = YES;
				CLANG_WARN_BLOCK_CAPTURE_AUTORELEASING = YES;
				CLANG_WARN_BOOL_CONVERSION = YES;
				CLANG_WARN_COMMA = YES;
				CLANG_WARN_CONSTANT_CONVERSION = YES;
				CLANG_WARN_DEPRECATED_OBJC_IMPLEMENTATIONS = YES;
				CLANG_WARN_DIRECT_OBJC_ISA_USAGE = YES_ERROR;
				CLANG_WARN_DOCUMENTATION_COMMENTS = YES;
				CLANG_WARN_EMPTY_BODY = YES;
				CLANG_WARN_ENUM_CONVERSION = YES;
				CLANG_WARN_INFINITE_RECURSION = YES;
				CLANG_WARN_INT_CONVERSION = YES;
				CLANG_WARN_NON_LITERAL_NULL_CONVERSION = YES;
				CLANG_WARN_OBJC_IMPLICIT_RETAIN_SELF = YES;
				CLANG_WARN_OBJC_LITERAL_CONVERSION = YES;
				CLANG_WARN_OBJC_ROOT_CLASS = YES_ERROR;
				CLANG_WARN_QUOTED_INCLUDE_IN_FRAMEWORK_HEADER = YES;
				CLANG_WARN_RANGE_LOOP_ANALYSIS = YES;
				CLANG_WARN_STRICT_PROTOTYPES = YES;
				CLANG_WARN_SUSPICIOUS_MOVE = YES;
				CLANG_WARN_UNGUARDED_AVAILABILITY = YES_AGGRESSIVE;
				CLANG_WARN_UNREACHABLE_CODE = YES;
				CLANG_WARN__DUPLICATE_METHOD_MATCH = YES;
				COPY_PHASE_STRIP = NO;
				DEBUG_INFORMATION_FORMAT = dwarf;
				ENABLE_STRICT_OBJC_MSGSEND = YES;
				ENABLE_TESTABILITY = YES;
				ENABLE_USER_SCRIPT_SANDBOXING = YES;
				GCC_C_LANGUAGE_STANDARD = gnu17;
				GCC_DYNAMIC_NO_PIC = NO;
				GCC_NO_COMMON_BLOCKS = YES;
				GCC_OPTIMIZATION_LEVEL = 0;
				GCC_PREPROCESSOR_DEFINITIONS = (
					"DEBUG=1",
					"$(inherited)",
				);
				GCC_WARN_64_TO_32_BIT_CONVERSION = YES;
				GCC_WARN_ABOUT_RETURN_TYPE = YES_ERROR;
				GCC_WARN_UNDECLARED_SELECTOR = YES;
				GCC_WARN_UNINITIALIZED_AUTOS = YES_AGGRESSIVE;
				GCC_WARN_UNUSED_FUNCTION = YES;
				GCC_WARN_UNUSED_VARIABLE = YES;
				LOCALIZATION_PREFERS_STRING_CATALOGS = YES;
				MACOSX_DEPLOYMENT_TARGET = 14.4;
				MTL_ENABLE_DEBUG_INFO = INCLUDE_SOURCE;
				MTL_FAST_MATH = YES;
				ONLY_ACTIVE_ARCH = YES;
				SDKROOT = macosx;
				SWIFT_ACTIVE_COMPILATION_CONDITIONS = "DEBUG $(inherited)";
				SWIFT_OPTIMIZATION_LEVEL = "-Onone";
			};
			name = Debug;
		};
		A5C822F52BEFC74E006F3757 /* Release */ = {
			isa = XCBuildConfiguration;
			buildSettings = {
				ALWAYS_SEARCH_USER_PATHS = NO;
				ASSETCATALOG_COMPILER_GENERATE_SWIFT_ASSET_SYMBOL_EXTENSIONS = YES;
				CLANG_ANALYZER_NONNULL = YES;
				CLANG_ANALYZER_NUMBER_OBJECT_CONVERSION = YES_AGGRESSIVE;
				CLANG_CXX_LANGUAGE_STANDARD = "gnu++20";
				CLANG_ENABLE_MODULES = YES;
				CLANG_ENABLE_OBJC_ARC = YES;
				CLANG_ENABLE_OBJC_WEAK = YES;
				CLANG_WARN_BLOCK_CAPTURE_AUTORELEASING = YES;
				CLANG_WARN_BOOL_CONVERSION = YES;
				CLANG_WARN_COMMA = YES;
				CLANG_WARN_CONSTANT_CONVERSION = YES;
				CLANG_WARN_DEPRECATED_OBJC_IMPLEMENTATIONS = YES;
				CLANG_WARN_DIRECT_OBJC_ISA_USAGE = YES_ERROR;
				CLANG_WARN_DOCUMENTATION_COMMENTS = YES;
				CLANG_WARN_EMPTY_BODY = YES;
				CLANG_WARN_ENUM_CONVERSION = YES;
				CLANG_WARN_INFINITE_RECURSION = YES;
				CLANG_WARN_INT_CONVERSION = YES;
				CLANG_WARN_NON_LITERAL_NULL_CONVERSION = YES;
				CLANG_WARN_OBJC_IMPLICIT_RETAIN_SELF = YES;
				CLANG_WARN_OBJC_LITERAL_CONVERSION = YES;
				CLANG_WARN_OBJC_ROOT_CLASS = YES_ERROR;
				CLANG_WARN_QUOTED_INCLUDE_IN_FRAMEWORK_HEADER = YES;
				CLANG_WARN_RANGE_LOOP_ANALYSIS = YES;
				CLANG_WARN_STRICT_PROTOTYPES = YES;
				CLANG_WARN_SUSPICIOUS_MOVE = YES;
				CLANG_WARN_UNGUARDED_AVAILABILITY = YES_AGGRESSIVE;
				CLANG_WARN_UNREACHABLE_CODE = YES;
				CLANG_WARN__DUPLICATE_METHOD_MATCH = YES;
				COPY_PHASE_STRIP = NO;
				DEBUG_INFORMATION_FORMAT = "dwarf-with-dsym";
				ENABLE_NS_ASSERTIONS = NO;
				ENABLE_STRICT_OBJC_MSGSEND = YES;
				ENABLE_USER_SCRIPT_SANDBOXING = YES;
				GCC_C_LANGUAGE_STANDARD = gnu17;
				GCC_NO_COMMON_BLOCKS = YES;
				GCC_WARN_64_TO_32_BIT_CONVERSION = YES;
				GCC_WARN_ABOUT_RETURN_TYPE = YES_ERROR;
				GCC_WARN_UNDECLARED_SELECTOR = YES;
				GCC_WARN_UNINITIALIZED_AUTOS = YES_AGGRESSIVE;
				GCC_WARN_UNUSED_FUNCTION = YES;
				GCC_WARN_UNUSED_VARIABLE = YES;
				LOCALIZATION_PREFERS_STRING_CATALOGS = YES;
				MACOSX_DEPLOYMENT_TARGET = 14.4;
				MTL_ENABLE_DEBUG_INFO = NO;
				MTL_FAST_MATH = YES;
				SDKROOT = macosx;
				SWIFT_COMPILATION_MODE = wholemodule;
			};
			name = Release;
		};
		A5C822F72BEFC74E006F3757 /* Debug */ = {
			isa = XCBuildConfiguration;
			buildSettings = {
				ASSETCATALOG_COMPILER_APPICON_NAME = AppIcon;
				ASSETCATALOG_COMPILER_GLOBAL_ACCENT_COLOR_NAME = AccentColor;
				CODE_SIGN_ENTITLEMENTS = FacebookMacOS/FacebookMacOS.entitlements;
				CODE_SIGN_STYLE = Automatic;
				COMBINE_HIDPI_IMAGES = YES;
				CURRENT_PROJECT_VERSION = 1;
				DEVELOPMENT_ASSET_PATHS = "\"FacebookMacOS/Preview Content\"";
				DEVELOPMENT_TEAM = H32J47ML7Z;
				ENABLE_HARDENED_RUNTIME = YES;
				ENABLE_PREVIEWS = YES;
				GENERATE_INFOPLIST_FILE = YES;
				INFOPLIST_KEY_NSHumanReadableCopyright = "";
				LD_RUNPATH_SEARCH_PATHS = (
					"$(inherited)",
					"@executable_path/../Frameworks",
				);
				MARKETING_VERSION = 1.0;
				PRODUCT_BUNDLE_IDENTIFIER = com.pysarenkodev.FacebookMacOS;
				PRODUCT_NAME = "$(TARGET_NAME)";
				SWIFT_EMIT_LOC_STRINGS = YES;
				SWIFT_VERSION = 5.0;
			};
			name = Debug;
		};
		A5C822F82BEFC74E006F3757 /* Release */ = {
			isa = XCBuildConfiguration;
			buildSettings = {
				ASSETCATALOG_COMPILER_APPICON_NAME = AppIcon;
				ASSETCATALOG_COMPILER_GLOBAL_ACCENT_COLOR_NAME = AccentColor;
				CODE_SIGN_ENTITLEMENTS = FacebookMacOS/FacebookMacOS.entitlements;
				CODE_SIGN_STYLE = Automatic;
				COMBINE_HIDPI_IMAGES = YES;
				CURRENT_PROJECT_VERSION = 1;
				DEVELOPMENT_ASSET_PATHS = "\"FacebookMacOS/Preview Content\"";
				DEVELOPMENT_TEAM = H32J47ML7Z;
				ENABLE_HARDENED_RUNTIME = YES;
				ENABLE_PREVIEWS = YES;
				GENERATE_INFOPLIST_FILE = YES;
				INFOPLIST_KEY_NSHumanReadableCopyright = "";
				LD_RUNPATH_SEARCH_PATHS = (
					"$(inherited)",
					"@executable_path/../Frameworks",
				);
				MARKETING_VERSION = 1.0;
				PRODUCT_BUNDLE_IDENTIFIER = com.pysarenkodev.FacebookMacOS;
				PRODUCT_NAME = "$(TARGET_NAME)";
				SWIFT_EMIT_LOC_STRINGS = YES;
				SWIFT_VERSION = 5.0;
			};
			name = Release;
		};
/* End XCBuildConfiguration section */

/* Begin XCConfigurationList section */
		A5C822E22BEFC74D006F3757 /* Build configuration list for PBXProject "FacebookMacOS" */ = {
			isa = XCConfigurationList;
			buildConfigurations = (
				A5C822F42BEFC74E006F3757 /* Debug */,
				A5C822F52BEFC74E006F3757 /* Release */,
			);
			defaultConfigurationIsVisible = 0;
			defaultConfigurationName = Release;
		};
		A5C822F62BEFC74E006F3757 /* Build configuration list for PBXNativeTarget "FacebookMacOS" */ = {
			isa = XCConfigurationList;
			buildConfigurations = (
				A5C822F72BEFC74E006F3757 /* Debug */,
				A5C822F82BEFC74E006F3757 /* Release */,
			);
			defaultConfigurationIsVisible = 0;
			defaultConfigurationName = Release;
		};
/* End XCConfigurationList section */

/* Begin XCRemoteSwiftPackageReference section */
		A5C822F92BEFC824006F3757 /* XCRemoteSwiftPackageReference "SDWebImageSwiftUI" */ = {
			isa = XCRemoteSwiftPackageReference;
			repositoryURL = "https://github.com/SDWebImage/SDWebImageSwiftUI.git";
			requirement = {
				kind = upToNextMajorVersion;
				minimumVersion = 3.0.4;
			};
		};
/* End XCRemoteSwiftPackageReference section */

/* Begin XCSwiftPackageProductDependency section */
		A5C822FA2BEFC824006F3757 /* SDWebImageSwiftUI */ = {
			isa = XCSwiftPackageProductDependency;
			package = A5C822F92BEFC824006F3757 /* XCRemoteSwiftPackageReference "SDWebImageSwiftUI" */;
			productName = SDWebImageSwiftUI;
		};
/* End XCSwiftPackageProductDependency section */
	};
	rootObject = A5C822DF2BEFC74D006F3757 /* Project object */;
}
